Microsoft Visual Studio Solution File, Format Version 12.00
# Visual Studio Version 17
VisualStudioVersion = 17.5.2.0
MinimumVisualStudioVersion = 10.0.40219.1
Project("{FAE04EC0-301F-11D3-BF4B-00C04F79EFBC}") = "WebAppTester", "WebAppTester.csproj", "{B0EAB805-430B-1F39-3647-AA10A72E7747}"
EndProject
Global
	GlobalSection(SolutionConfigurationPlatforms) = preSolution
		Debug|Any CPU = Debug|Any CPU
		Release|Any CPU = Release|Any CPU
	EndGlobalSection
	GlobalSection(ProjectConfigurationPlatforms) = postSolution
		{B0EAB805-430B-1F39-3647-AA10A72E7747}.Debug|Any CPU.ActiveCfg = Debug|Any CPU
		{B0EAB805-430B-1F39-3647-AA10A72E7747}.Debug|Any CPU.Build.0 = Debug|Any CPU
		{B0EAB805-430B-1F39-3647-AA10A72E7747}.Release|Any CPU.ActiveCfg = Release|Any CPU
		{B0EAB805-430B-1F39-3647-AA10A72E7747}.Release|Any CPU.Build.0 = Release|Any CPU
	EndGlobalSection
	GlobalSection(SolutionProperties) = preSolution
		HideSolutionNode = FALSE
	EndGlobalSection
	GlobalSection(ExtensibilityGlobals) = postSolution
		SolutionGuid = {01D6D4A5-1EDB-4C21-A12A-B52BC52048E6}
	EndGlobalSection
EndGlobal
